<?xml version="1.0" encoding="utf-8"?>
<Project ToolsVersion="4.0" xmlns="http://schemas.microsoft.com/developer/msbuild/2003">
  <ItemGroup>
    <Filter Include="Source Files">
      <UniqueIdentifier>{4FC737F1-C7A5-4376-A066-2A32D752A2FF}</UniqueIdentifier>
      <Extensions>cpp;c;cc;cxx;def;odl;idl;hpj;bat;asm;asmx</Extensions>
    </Filter>
    <Filter Include="Header Files">
      <UniqueIdentifier>{93995380-89BD-4b04-88EB-625FBE52EBFB}</UniqueIdentifier>
      <Extensions>h;hh;hpp;hxx;hm;inl;inc;xsd</Extensions>
    </Filter>
    <Filter Include="Resource Files">
      <UniqueIdentifier>{67DA6AB6-F800-4c08-8B7A-83BB121AAD01}</UniqueIdentifier>
      <Extensions>rc;ico;cur;bmp;dlg;rc2;rct;bin;rgs;gif;jpg;jpeg;jpe;resx;tiff;tif;png;wav;mfcribbon-ms</Extensions>
    </Filter>
  </ItemGroup>
  <ItemGroup>
    <ClCompile Include="Source\CustomSdlTextures\MapTexture.cpp">
      <Filter>Source Files</Filter>
    </ClCompile>
    <ClCompile Include="Source\CustomSdlWindows\NoiseWindow.cpp">
      <Filter>Source Files</Filter>
    </ClCompile>
    <ClCompile Include="Source\CustomSdlWindows\WalkWindow.cpp">
      <Filter>Source Files</Filter>
    </ClCompile>
    <ClCompile Include="Source\CustomUiObjects\MapFrame.cpp">
      <Filter>Source Files</Filter>
    </ClCompile>
    <ClCompile Include="Source\DefaultUiObjects\UiButton.cpp">
      <Filter>Source Files</Filter>
    </ClCompile>
    <ClCompile Include="Source\DefaultUiObjects\UiLabel.cpp">
      <Filter>Source Files</Filter>
    </ClCompile>
    <ClCompile Include="Source\DefaultUiObjects\UiPanel.cpp">
      <Filter>Source Files</Filter>
    </ClCompile>
    <ClCompile Include="Source\Map\Noises\OpenSimplexC\open-simplex-noise.cpp">
      <Filter>Source Files</Filter>
    </ClCompile>
    <ClCompile Include="Source\Map\Noises\DiamSqNoise.cpp">
      <Filter>Source Files</Filter>
    </ClCompile>
    <ClCompile Include="Source\Map\Noises\OpenSimplexNoise.cpp">
      <Filter>Source Files</Filter>
    </ClCompile>
    <ClCompile Include="Source\Map\Map.cpp">
      <Filter>Source Files</Filter>
    </ClCompile>
    <ClCompile Include="Source\SdlClasses\SdlTexture.cpp">
      <Filter>Source Files</Filter>
    </ClCompile>
    <ClCompile Include="Source\SdlClasses\SdlWindow.cpp">
      <Filter>Source Files</Filter>
    </ClCompile>
    <ClCompile Include="Source\Ui\UiManager.cpp">
      <Filter>Source Files</Filter>
    </ClCompile>
    <ClCompile Include="Source\Ui\UiObject.cpp">
      <Filter>Source Files</Filter>
    </ClCompile>
    <ClCompile Include="Source\main.cpp">
      <Filter>Source Files</Filter>
    </ClCompile>
    <ClCompile Include="Source\MyUtils.cpp">
      <Filter>Source Files</Filter>
    </ClCompile>
  </ItemGroup>
  <ItemGroup>
    <ClInclude Include="Source\CustomSdlTextures\MapTexture.h">
      <Filter>Header Files</Filter>
    </ClInclude>
    <ClInclude Include="Source\CustomSdlWindows\NoiseWindow.h">
      <Filter>Header Files</Filter>
    </ClInclude>
    <ClInclude Include="Source\CustomSdlWindows\WalkWindow.h">
      <Filter>Header Files</Filter>
    </ClInclude>
    <ClInclude Include="Source\CustomUiObjects\MapFrame.h">
      <Filter>Header Files</Filter>
    </ClInclude>
    <ClInclude Include="Source\DefaultUiObjects\UiButton.h">
      <Filter>Header Files</Filter>
    </ClInclude>
    <ClInclude Include="Source\DefaultUiObjects\UiLabel.h">
      <Filter>Header Files</Filter>
    </ClInclude>
    <ClInclude Include="Source\DefaultUiObjects\UiPanel.h">
      <Filter>Header Files</Filter>
    </ClInclude>
    <ClInclude Include="Source\Map\Noises\OpenSimplexC\open-simplex-noise.h">
      <Filter>Header Files</Filter>
    </ClInclude>
    <ClInclude Include="Source\Map\Noises\DiamSqNoise.h">
      <Filter>Header Files</Filter>
    </ClInclude>
    <ClInclude Include="Source\Map\Noises\Noise.h">
      <Filter>Header Files</Filter>
    </ClInclude>
    <ClInclude Include="Source\Map\Noises\OpenSimplexNoise.h">
      <Filter>Header Files</Filter>
    </ClInclude>
    <ClInclude Include="Source\Map\Map.h">
      <Filter>Header Files</Filter>
    </ClInclude>
    <ClInclude Include="Source\SdlClasses\SdlTexture.h">
      <Filter>Header Files</Filter>
    </ClInclude>
    <ClInclude Include="Source\SdlClasses\SdlWindow.h">
      <Filter>Header Files</Filter>
    </ClInclude>
    <ClInclude Include="Source\Ui\UiEvents\NoiseInfoRequest.h">
      <Filter>Header Files</Filter>
    </ClInclude>
    <ClInclude Include="Source\Ui\UiEvents\UiCode.h">
      <Filter>Header Files</Filter>
    </ClInclude>
    <ClInclude Include="Source\Ui\UiEvents\WalkWindowOpened.h">
      <Filter>Header Files</Filter>
    </ClInclude>
    <ClInclude Include="Source\Ui\Event.h">
      <Filter>Header Files</Filter>
    </ClInclude>
    <ClInclude Include="Source\Ui\EvtAggr.h">
      <Filter>Header Files</Filter>
    </ClInclude>
    <ClInclude Include="Source\Ui\UiManager.h">
      <Filter>Header Files</Filter>
    </ClInclude>
    <ClInclude Include="Source\Ui\UiObject.h">
      <Filter>Header Files</Filter>
    </ClInclude>
    <ClInclude Include="Source\MyUtils.h">
      <Filter>Header Files</Filter>
    </ClInclude>
  </ItemGroup>
</Project>